# THIS IS AN AUTOGENERATED FILE. DO NOT EDIT THIS FILE DIRECTLY.
# yarn lockfile v1


atom-package-deps@^4.3.1:
  version "4.3.1"
  resolved "https://registry.yarnpkg.com/atom-package-deps/-/atom-package-deps-4.3.1.tgz#7a3655dd2224c72aceaf481968f834f67e9a2870"
  dependencies:
    atom-package-path "^1.1.0"
    sb-exec "^3.0.1"

atom-package-path@^1.1.0:
  version "1.1.0"
  resolved "https://registry.yarnpkg.com/atom-package-path/-/atom-package-path-1.1.0.tgz#b51fedbc00e7c8ce5223d0d803db7a3f4f69614f"
  dependencies:
    sb-callsite "^1.1.2"

consistent-env@^1.2.0:
  version "1.3.0"
  resolved "https://registry.yarnpkg.com/consistent-env/-/consistent-env-1.3.0.tgz#8737304b1803a18a998c6075c7a09071a1ca926f"
  dependencies:
    lodash.uniq "^4.5.0"

lodash.uniq@^4.5.0:
  version "4.5.0"
  resolved "https://registry.yarnpkg.com/lodash.uniq/-/lodash.uniq-4.5.0.tgz#d0225373aeb652adc1bc82e4945339a842754773"

sb-callsite@^1.1.2:
  version "1.1.2"
  resolved "https://registry.yarnpkg.com/sb-callsite/-/sb-callsite-1.1.2.tgz#28191fb66d64e3a3ee92084a95a90fcb5102243b"

sb-exec@^3.0.1:
  version "3.1.0"
  resolved "https://registry.yarnpkg.com/sb-exec/-/sb-exec-3.1.0.tgz#34cc65088a116752eb720fddeff66d2c2e95ec51"
  dependencies:
    consistent-env "^1.2.0"
    lodash.uniq "^4.5.0"
    sb-npm-path "^2.0.0"

sb-memoize@^1.0.2:
  version "1.0.2"
  resolved "https://registry.yarnpkg.com/sb-memoize/-/sb-memoize-1.0.2.tgz#128375c62ddb9cc4ffa905d0c5a597c19baead8e"

sb-npm-path@^2.0.0:
  version "2.0.0"
  resolved "https://registry.yarnpkg.com/sb-npm-path/-/sb-npm-path-2.0.0.tgz#0f6cc2cf371debca7d936ed76b7d4c3cc1eb3d58"
  dependencies:
    sb-memoize "^1.0.2"
    sb-promisify "^2.0.1"

sb-promisify@^2.0.1:
  version "2.0.1"
  resolved "https://registry.yarnpkg.com/sb-promisify/-/sb-promisify-2.0.1.tgz#86c6cb4e1780c9b38c6fbe7e7873f8ab9677ce2a"
